
Microsoft Visual Studio Solution File, Format Version 12.00
# Visual Studio Version 17
VisualStudioVersion = 17.8.34330.188
MinimumVisualStudioVersion = 10.0.40219.1
Project("{FAE04EC0-301F-11D3-BF4B-00C04F79EFBC}") = "Student Data", "Student Data\Student Data.csproj", "{6C7E6BDB-8BBB-432D-B500-C00A4714070F}"
EndProject
Global
	GlobalSection(SolutionConfigurationPlatforms) = preSolution
		Debug|Any CPU = Debug|Any CPU
		Release|Any CPU = Release|Any CPU
	EndGlobalSection
	GlobalSection(ProjectConfigurationPlatforms) = postSolution
		{6C7E6BDB-8BBB-432D-B500-C00A4714070F}.Debug|Any CPU.ActiveCfg = Debug|Any CPU
		{6C7E6BDB-8BBB-432D-B500-C00A4714070F}.Debug|Any CPU.Build.0 = Debug|Any CPU
		{6C7E6BDB-8BBB-432D-B500-C00A4714070F}.Release|Any CPU.ActiveCfg = Release|Any CPU
		{6C7E6BDB-8BBB-432D-B500-C00A4714070F}.Release|Any CPU.Build.0 = Release|Any CPU
	EndGlobalSection
	GlobalSection(SolutionProperties) = preSolution
		HideSolutionNode = FALSE
	EndGlobalSection
	GlobalSection(ExtensibilityGlobals) = postSolution
		SolutionGuid = {9A8CEC3C-1BF7-4C1C-B23F-7663BE8E3F29}
	EndGlobalSection
EndGlobal
